
Microsoft Visual Studio Solution File, Format Version 12.00
# Visual Studio Version 17
VisualStudioVersion = 17.1.31911.260
MinimumVisualStudioVersion = 10.0.40219.1
Project("{9A19103F-16F7-4668-BE54-9A1E7A4F7556}") = "AirportDistance", "AirportDistance\AirportDistance.csproj", "{382EDD78-A610-42F0-B551-B3261A58C52D}"
EndProject
Project("{2150E333-8FDC-42A3-9474-1A3956D46DE8}") = "tests", "tests", "{D9CE4AF5-CBF1-40A9-95D2-5C00B0308B8C}"
EndProject
Project("{FAE04EC0-301F-11D3-BF4B-00C04F79EFBC}") = "AirportDistance.UnitTests", "AirportDistance.UnitTests\AirportDistance.UnitTests.csproj", "{46326848-FAC5-45A6-A773-3F9E7A4757A1}"
EndProject
Global
	GlobalSection(SolutionConfigurationPlatforms) = preSolution
		Debug|Any CPU = Debug|Any CPU
		Release|Any CPU = Release|Any CPU
	EndGlobalSection
	GlobalSection(ProjectConfigurationPlatforms) = postSolution
		{382EDD78-A610-42F0-B551-B3261A58C52D}.Debug|Any CPU.ActiveCfg = Debug|Any CPU
		{382EDD78-A610-42F0-B551-B3261A58C52D}.Debug|Any CPU.Build.0 = Debug|Any CPU
		{382EDD78-A610-42F0-B551-B3261A58C52D}.Release|Any CPU.ActiveCfg = Release|Any CPU
		{382EDD78-A610-42F0-B551-B3261A58C52D}.Release|Any CPU.Build.0 = Release|Any CPU
		{46326848-FAC5-45A6-A773-3F9E7A4757A1}.Debug|Any CPU.ActiveCfg = Debug|Any CPU
		{46326848-FAC5-45A6-A773-3F9E7A4757A1}.Debug|Any CPU.Build.0 = Debug|Any CPU
		{46326848-FAC5-45A6-A773-3F9E7A4757A1}.Release|Any CPU.ActiveCfg = Release|Any CPU
		{46326848-FAC5-45A6-A773-3F9E7A4757A1}.Release|Any CPU.Build.0 = Release|Any CPU
	EndGlobalSection
	GlobalSection(SolutionProperties) = preSolution
		HideSolutionNode = FALSE
	EndGlobalSection
	GlobalSection(NestedProjects) = preSolution
		{46326848-FAC5-45A6-A773-3F9E7A4757A1} = {D9CE4AF5-CBF1-40A9-95D2-5C00B0308B8C}
	EndGlobalSection
	GlobalSection(ExtensibilityGlobals) = postSolution
		SolutionGuid = {7D65AE70-43FF-477A-AC18-BAE78D6D0A9F}
	EndGlobalSection
EndGlobal
